PODS:
  - FTImageTransition (0.2.1)
  - FTImageViewController (0.0.1):
    - Kingfisher (~> 4.0)
  - Kingfisher (4.8.1)

DEPENDENCIES:
  - FTImageTransition (from `../`)
  - FTImageViewController (from `../`)

SPEC REPOS:
  https://github.com/cocoapods/specs.git:
    - Kingfisher

EXTERNAL SOURCES:
  FTImageTransition:
    :path: "../"
  FTImageViewController:
    :path: "../"

SPEC CHECKSUMS:
  FTImageTransition: fe423a289d5668f60c37396933cd92243c8a5348
  FTImageViewController: 12693c4f20db4264a6795d978254e9742fb20af4
  Kingfisher: 868c1149679a7ab6869be118faa9b5aed154aaf0

PODFILE CHECKSUM: c7afa0e6ebf9c136a9b4cdf10fde4b35a2ee4c18

COCOAPODS: 1.5.3
