PODS:
  - FTImageViewController (0.0.1):
    - FTZoomTransition (~> 0.2.0)
    - Kingfisher (~> 4.0)
  - FTZoomTransition (0.2.0)
  - Kingfisher (4.8.1)

DEPENDENCIES:
  - FTImageViewController (from `../`)

SPEC REPOS:
  https://github.com/cocoapods/specs.git:
    - FTZoomTransition
    - Kingfisher

EXTERNAL SOURCES:
  FTImageViewController:
    :path: "../"

SPEC CHECKSUMS:
  FTImageViewController: 9fb11a3ca71712484ef0eeba22f17b2e0f35ba58
  FTZoomTransition: 9660ee55d6d1231a517a28aa07db98d106dc541e
  Kingfisher: 868c1149679a7ab6869be118faa9b5aed154aaf0

PODFILE CHECKSUM: 2e98fa330a30056c8469f29e9f9669d805380e86

COCOAPODS: 1.5.3
